
Microsoft Visual Studio Solution File, Format Version 12.00
# Visual Studio Version 17
VisualStudioVersion = 17.7.34202.233
MinimumVisualStudioVersion = 10.0.40219.1
Project("{FAE04EC0-301F-11D3-BF4B-00C04F79EFBC}") = "Bankomat", "Bankomat.csproj", "{F500C3FB-2F59-42AF-9FF0-759443B4BADF}"
EndProject
Global
	GlobalSection(SolutionConfigurationPlatforms) = preSolution
		Debug|Any CPU = Debug|Any CPU
		Release|Any CPU = Release|Any CPU
	EndGlobalSection
	GlobalSection(ProjectConfigurationPlatforms) = postSolution
		{F500C3FB-2F59-42AF-9FF0-759443B4BADF}.Debug|Any CPU.ActiveCfg = Debug|Any CPU
		{F500C3FB-2F59-42AF-9FF0-759443B4BADF}.Debug|Any CPU.Build.0 = Debug|Any CPU
		{F500C3FB-2F59-42AF-9FF0-759443B4BADF}.Release|Any CPU.ActiveCfg = Release|Any CPU
		{F500C3FB-2F59-42AF-9FF0-759443B4BADF}.Release|Any CPU.Build.0 = Release|Any CPU
	EndGlobalSection
	GlobalSection(SolutionProperties) = preSolution
		HideSolutionNode = FALSE
	EndGlobalSection
	GlobalSection(ExtensibilityGlobals) = postSolution
		SolutionGuid = {1BBEA9F7-EECF-49EF-8A17-C0A569235901}
	EndGlobalSection
EndGlobal
